
Microsoft Visual Studio Solution File, Format Version 12.00
# Visual Studio 14
VisualStudioVersion = 14.0.25420.1
MinimumVisualStudioVersion = 10.0.40219.1
Project("{8BC9CEB8-8B4A-11D0-8D11-00A0C91BC942}") = "project", "project\project.vcxproj", "{41C9BD20-D285-4535-AF4E-924CECC20967}"
EndProject
Project("{54435603-DBB4-11D2-8724-00A0C9A8B90C}") = "mygame", "mygame\mygame.vdproj", "{34E92D9B-81BA-4A27-9E3B-54285775E34F}"
EndProject
Global
	GlobalSection(SolutionConfigurationPlatforms) = preSolution
		Debug|x64 = Debug|x64
		Debug|x86 = Debug|x86
		Release|x64 = Release|x64
		Release|x86 = Release|x86
	EndGlobalSection
	GlobalSection(ProjectConfigurationPlatforms) = postSolution
		{41C9BD20-D285-4535-AF4E-924CECC20967}.Debug|x64.ActiveCfg = Debug|x64
		{41C9BD20-D285-4535-AF4E-924CECC20967}.Debug|x64.Build.0 = Debug|x64
		{41C9BD20-D285-4535-AF4E-924CECC20967}.Debug|x86.ActiveCfg = Debug|Win32
		{41C9BD20-D285-4535-AF4E-924CECC20967}.Debug|x86.Build.0 = Debug|Win32
		{41C9BD20-D285-4535-AF4E-924CECC20967}.Release|x64.ActiveCfg = Release|x64
		{41C9BD20-D285-4535-AF4E-924CECC20967}.Release|x64.Build.0 = Release|x64
		{41C9BD20-D285-4535-AF4E-924CECC20967}.Release|x86.ActiveCfg = Release|Win32
		{41C9BD20-D285-4535-AF4E-924CECC20967}.Release|x86.Build.0 = Release|Win32
		{34E92D9B-81BA-4A27-9E3B-54285775E34F}.Debug|x64.ActiveCfg = Debug
		{34E92D9B-81BA-4A27-9E3B-54285775E34F}.Debug|x86.ActiveCfg = Debug
		{34E92D9B-81BA-4A27-9E3B-54285775E34F}.Release|x64.ActiveCfg = Release
		{34E92D9B-81BA-4A27-9E3B-54285775E34F}.Release|x86.ActiveCfg = Release
	EndGlobalSection
	GlobalSection(SolutionProperties) = preSolution
		HideSolutionNode = FALSE
	EndGlobalSection
EndGlobal
